
Microsoft Visual Studio Solution File, Format Version 12.00
# Visual Studio Version 16
VisualStudioVersion = 16.0.30907.101
MinimumVisualStudioVersion = 10.0.40219.1
Project("{8BC9CEB8-8B4A-11D0-8D11-00A0C91BC942}") = "ApartmentPrices", "ApartmentPrices.vcxproj", "{5ECCCF1A-2A7D-406C-B854-9D7F68A81A11}"
EndProject
Global
	GlobalSection(SolutionConfigurationPlatforms) = preSolution
		Debug|x64 = Debug|x64
		Debug|x86 = Debug|x86
		Release|x64 = Release|x64
		Release|x86 = Release|x86
	EndGlobalSection
	GlobalSection(ProjectConfigurationPlatforms) = postSolution
		{5ECCCF1A-2A7D-406C-B854-9D7F68A81A11}.Debug|x64.ActiveCfg = Debug|x64
		{5ECCCF1A-2A7D-406C-B854-9D7F68A81A11}.Debug|x64.Build.0 = Debug|x64
		{5ECCCF1A-2A7D-406C-B854-9D7F68A81A11}.Debug|x86.ActiveCfg = Debug|Win32
		{5ECCCF1A-2A7D-406C-B854-9D7F68A81A11}.Debug|x86.Build.0 = Debug|Win32
		{5ECCCF1A-2A7D-406C-B854-9D7F68A81A11}.Release|x64.ActiveCfg = Release|x64
		{5ECCCF1A-2A7D-406C-B854-9D7F68A81A11}.Release|x64.Build.0 = Release|x64
		{5ECCCF1A-2A7D-406C-B854-9D7F68A81A11}.Release|x86.ActiveCfg = Release|Win32
		{5ECCCF1A-2A7D-406C-B854-9D7F68A81A11}.Release|x86.Build.0 = Release|Win32
	EndGlobalSection
	GlobalSection(SolutionProperties) = preSolution
		HideSolutionNode = FALSE
	EndGlobalSection
	GlobalSection(ExtensibilityGlobals) = postSolution
		SolutionGuid = {8C805DCA-30ED-4284-A09E-D1AAA944210C}
	EndGlobalSection
EndGlobal
